// !$*UTF8*$!
{
	archiveVersion = 1;
	classes = {
	};
	objectVersion = 48;
	objects = {

/* Begin PBXBuildFile section */
		E782A29120E646440054F3AD /* AppDelegate.swift in Sources */ = {isa = PBXBuildFile; fileRef = E782A29020E646440054F3AD /* AppDelegate.swift */; };
		E782A29320E646440054F3AD /* ViewController.swift in Sources */ = {isa = PBXBuildFile; fileRef = E782A29220E646440054F3AD /* ViewController.swift */; };
		E782A29620E646440054F3AD /* Main.storyboard in Resources */ = {isa = PBXBuildFile; fileRef = E782A29420E646440054F3AD /* Main.storyboard */; };
		E782A29820E646440054F3AD /* Assets.xcassets in Resources */ = {isa = PBXBuildFile; fileRef = E782A29720E646440054F3AD /* Assets.xcassets */; };
		E782A29B20E646440054F3AD /* LaunchScreen.storyboard in Resources */ = {isa = PBXBuildFile; fileRef = E782A29920E646440054F3AD /* LaunchScreen.storyboard */; };
/* End PBXBuildFile section */

/* Begin PBXFileReference section */
		E782A28D20E646440054F3AD /* JenkinsTest.app */ = {isa = PBXFileReference; explicitFileType = wrapper.application; includeInIndex = 0; path = JenkinsTest.app; sourceTree = BUILT_PRODUCTS_DIR; };
		E782A29020E646440054F3AD /* AppDelegate.swift */ = {isa = PBXFileReference; lastKnownFileType = sourcecode.swift; path = AppDelegate.swift; sourceTree = "<group>"; };
		E782A29220E646440054F3AD /* ViewController.swift */ = {isa = PBXFileReference; lastKnownFileType = sourcecode.swift; path = ViewController.swift; sourceTree = "<group>"; };
		E782A29520E646440054F3AD /* Base */ = {isa = PBXFileReference; lastKnownFileType = file.storyboard; name = Base; path = Base.lproj/Main.storyboard; sourceTree = "<group>"; };
		E782A29720E646440054F3AD /* Assets.xcassets */ = {isa = PBXFileReference; lastKnownFileType = folder.assetcatalog; path = Assets.xcassets; sourceTree = "<group>"; };
		E782A29A20E646440054F3AD /* Base */ = {isa = PBXFileReference; lastKnownFileType = file.storyboard; name = Base; path = Base.lproj/LaunchScreen.storyboard; sourceTree = "<group>"; };
		E782A29C20E646440054F3AD /* Info.plist */ = {isa = PBXFileReference; lastKnownFileType = text.plist.xml; path = Info.plist; sourceTree = "<group>"; };
		E782A2A520E646440054F3AD /* JenkinsTestTests.swift */ = {isa = PBXFileReference; lastKnownFileType = sourcecode.swift; path = JenkinsTestTests.swift; sourceTree = "<group>"; };
		E782A2A720E646440054F3AD /* Info.plist */ = {isa = PBXFileReference; lastKnownFileType = text.plist.xml; path = Info.plist; sourceTree = "<group>"; };
		E782A2B020E646440054F3AD /* JenkinsTestUITests.swift */ = {isa = PBXFileReference; lastKnownFileType = sourcecode.swift; path = JenkinsTestUITests.swift; sourceTree = "<group>"; };
		E782A2B220E646440054F3AD /* Info.plist */ = {isa = PBXFileReference; lastKnownFileType = text.plist.xml; path = Info.plist; sourceTree = "<group>"; };
/* End PBXFileReference section */

/* Begin PBXFrameworksBuildPhase section */
		E782A28A20E646440054F3AD /* Frameworks */ = {
			isa = PBXFrameworksBuildPhase;
			buildActionMask = 2147483647;
			files = (
			);
			runOnlyForDeploymentPostprocessing = 0;
		};
/* End PBXFrameworksBuildPhase section */

/* Begin PBXGroup section */
		E782A28420E646440054F3AD = {
			isa = PBXGroup;
			children = (
				E782A28F20E646440054F3AD /* JenkinsTest */,
				E782A2A420E646440054F3AD /* JenkinsTestTests */,
				E782A2AF20E646440054F3AD /* JenkinsTestUITests */,
				E782A28E20E646440054F3AD /* Products */,
			);
			sourceTree = "<group>";
		};
		E782A28E20E646440054F3AD /* Products */ = {
			isa = PBXGroup;
			children = (
				E782A28D20E646440054F3AD /* JenkinsTest.app */,
			);
			name = Products;
			sourceTree = "<group>";
		};
		E782A28F20E646440054F3AD /* JenkinsTest */ = {
			isa = PBXGroup;
			children = (
				E782A29020E646440054F3AD /* AppDelegate.swift */,
				E782A29220E646440054F3AD /* ViewController.swift */,
				E782A29420E646440054F3AD /* Main.storyboard */,
				E782A29720E646440054F3AD /* Assets.xcassets */,
				E782A29920E646440054F3AD /* LaunchScreen.storyboard */,
				E782A29C20E646440054F3AD /* Info.plist */,
			);
			path = JenkinsTest;
			sourceTree = "<group>";
		};
		E782A2A420E646440054F3AD /* JenkinsTestTests */ = {
			isa = PBXGroup;
			children = (
				E782A2A520E646440054F3AD /* JenkinsTestTests.swift */,
				E782A2A720E646440054F3AD /* Info.plist */,
			);
			path = JenkinsTestTests;
			sourceTree = "<group>";
		};
		E782A2AF20E646440054F3AD /* JenkinsTestUITests */ = {
			isa = PBXGroup;
			children = (
				E782A2B020E646440054F3AD /* JenkinsTestUITests.swift */,
				E782A2B220E646440054F3AD /* Info.plist */,
			);
			path = JenkinsTestUITests;
			sourceTree = "<group>";
		};
/* End PBXGroup section */

/* Begin PBXNativeTarget section */
		E782A28C20E646440054F3AD /* JenkinsTest */ = {
			isa = PBXNativeTarget;
			buildConfigurationList = E782A2B520E646440054F3AD /* Build configuration list for PBXNativeTarget "JenkinsTest" */;
			buildPhases = (
				E782A28920E646440054F3AD /* Sources */,
				E782A28A20E646440054F3AD /* Frameworks */,
				E782A28B20E646440054F3AD /* Resources */,
			);
			buildRules = (
			);
			dependencies = (
			);
			name = JenkinsTest;
			productName = JenkinsTest;
			productReference = E782A28D20E646440054F3AD /* JenkinsTest.app */;
			productType = "com.apple.product-type.application";
		};
/* End PBXNativeTarget section */

/* Begin PBXProject section */
		E782A28520E646440054F3AD /* Project object */ = {
			isa = PBXProject;
			attributes = {
				LastSwiftUpdateCheck = 0920;
				LastUpgradeCheck = 0920;
				ORGANIZATIONNAME = Pratibha;
				TargetAttributes = {
					E782A28C20E646440054F3AD = {
						CreatedOnToolsVersion = 9.2;
						ProvisioningStyle = Manual;
					};
				};
			};
			buildConfigurationList = E782A28820E646440054F3AD /* Build configuration list for PBXProject "JenkinsTest" */;
			compatibilityVersion = "Xcode 8.0";
			developmentRegion = en;
			hasScannedForEncodings = 0;
			knownRegions = (
				en,
				Base,
			);
			mainGroup = E782A28420E646440054F3AD;
			productRefGroup = E782A28E20E646440054F3AD /* Products */;
			projectDirPath = "";
			projectRoot = "";
			targets = (
				E782A28C20E646440054F3AD /* JenkinsTest */,
			);
		};
/* End PBXProject section */

/* Begin PBXResourcesBuildPhase section */
		E782A28B20E646440054F3AD /* Resources */ = {
			isa = PBXResourcesBuildPhase;
			buildActionMask = 2147483647;
			files = (
				E782A29B20E646440054F3AD /* LaunchScreen.storyboard in Resources */,
				E782A29820E646440054F3AD /* Assets.xcassets in Resources */,
				E782A29620E646440054F3AD /* Main.storyboard in Resources */,
			);
			runOnlyForDeploymentPostprocessing = 0;
		};
/* End PBXResourcesBuildPhase section */

/* Begin PBXSourcesBuildPhase section */
		E782A28920E646440054F3AD /* Sources */ = {
			isa = PBXSourcesBuildPhase;
			buildActionMask = 2147483647;
			files = (
				E782A29320E646440054F3AD /* ViewController.swift in Sources */,
				E782A29120E646440054F3AD /* AppDelegate.swift in Sources */,
			);
			runOnlyForDeploymentPostprocessing = 0;
		};
/* End PBXSourcesBuildPhase section */

/* Begin PBXVariantGroup section */
		E782A29420E646440054F3AD /* Main.storyboard */ = {
			isa = PBXVariantGroup;
			children = (
				E782A29520E646440054F3AD /* Base */,
			);
			name = Main.storyboard;
			sourceTree = "<group>";
		};
		E782A29920E646440054F3AD /* LaunchScreen.storyboard */ = {
			isa = PBXVariantGroup;
			children = (
				E782A29A20E646440054F3AD /* Base */,
			);
			name = LaunchScreen.storyboard;
			sourceTree = "<group>";
		};
/* End PBXVariantGroup section */

/* Begin XCBuildConfiguration section */
		E782A2B320E646440054F3AD /* Debug */ = {
			isa = XCBuildConfiguration;
			buildSettings = {
				ALWAYS_SEARCH_USER_PATHS = NO;
				CLANG_ANALYZER_NONNULL = YES;
				CLANG_ANALYZER_NUMBER_OBJECT_CONVERSION = YES_AGGRESSIVE;
				CLANG_CXX_LANGUAGE_STANDARD = "gnu++14";
				CLANG_CXX_LIBRARY = "libc++";
				CLANG_ENABLE_MODULES = YES;
				CLANG_ENABLE_OBJC_ARC = YES;
				CLANG_WARN_BLOCK_CAPTURE_AUTORELEASING = YES;
				CLANG_WARN_BOOL_CONVERSION = YES;
				CLANG_WARN_COMMA = YES;
				CLANG_WARN_CONSTANT_CONVERSION = YES;
				CLANG_WARN_DIRECT_OBJC_ISA_USAGE = YES_ERROR;
				CLANG_WARN_DOCUMENTATION_COMMENTS = YES;
				CLANG_WARN_EMPTY_BODY = YES;
				CLANG_WARN_ENUM_CONVERSION = YES;
				CLANG_WARN_INFINITE_RECURSION = YES;
				CLANG_WARN_INT_CONVERSION = YES;
				CLANG_WARN_NON_LITERAL_NULL_CONVERSION = YES;
				CLANG_WARN_OBJC_LITERAL_CONVERSION = YES;
				CLANG_WARN_OBJC_ROOT_CLASS = YES_ERROR;
				CLANG_WARN_RANGE_LOOP_ANALYSIS = YES;
				CLANG_WARN_STRICT_PROTOTYPES = YES;
				CLANG_WARN_SUSPICIOUS_MOVE = YES;
				CLANG_WARN_UNGUARDED_AVAILABILITY = YES_AGGRESSIVE;
				CLANG_WARN_UNREACHABLE_CODE = YES;
				CLANG_WARN__DUPLICATE_METHOD_MATCH = YES;
				CODE_SIGN_IDENTITY = "iPhone Developer";
				COPY_PHASE_STRIP = NO;
				DEBUG_INFORMATION_FORMAT = dwarf;
				ENABLE_STRICT_OBJC_MSGSEND = YES;
				ENABLE_TESTABILITY = YES;
				GCC_C_LANGUAGE_STANDARD = gnu11;
				GCC_DYNAMIC_NO_PIC = NO;
				GCC_NO_COMMON_BLOCKS = YES;
				GCC_OPTIMIZATION_LEVEL = 0;
				GCC_PREPROCESSOR_DEFINITIONS = (
					"DEBUG=1",
					"$(inherited)",
				);
				GCC_WARN_64_TO_32_BIT_CONVERSION = YES;
				GCC_WARN_ABOUT_RETURN_TYPE = YES_ERROR;
				GCC_WARN_UNDECLARED_SELECTOR = YES;
				GCC_WARN_UNINITIALIZED_AUTOS = YES_AGGRESSIVE;
				GCC_WARN_UNUSED_FUNCTION = YES;
				GCC_WARN_UNUSED_VARIABLE = YES;
				IPHONEOS_DEPLOYMENT_TARGET = 11.2;
				MTL_ENABLE_DEBUG_INFO = YES;
				ONLY_ACTIVE_ARCH = YES;
				SDKROOT = iphoneos;
				SWIFT_ACTIVE_COMPILATION_CONDITIONS = DEBUG;
				SWIFT_OPTIMIZATION_LEVEL = "-Onone";
			};
			name = Debug;
		};
		E782A2B420E646440054F3AD /* Release */ = {
			isa = XCBuildConfiguration;
			buildSettings = {
				ALWAYS_SEARCH_USER_PATHS = NO;
				CLANG_ANALYZER_NONNULL = YES;
				CLANG_ANALYZER_NUMBER_OBJECT_CONVERSION = YES_AGGRESSIVE;
				CLANG_CXX_LANGUAGE_STANDARD = "gnu++14";
				CLANG_CXX_LIBRARY = "libc++";
				CLANG_ENABLE_MODULES = YES;
				CLANG_ENABLE_OBJC_ARC = YES;
				CLANG_WARN_BLOCK_CAPTURE_AUTORELEASING = YES;
				CLANG_WARN_BOOL_CONVERSION = YES;
				CLANG_WARN_COMMA = YES;
				CLANG_WARN_CONSTANT_CONVERSION = YES;
				CLANG_WARN_DIRECT_OBJC_ISA_USAGE = YES_ERROR;
				CLANG_WARN_DOCUMENTATION_COMMENTS = YES;
				CLANG_WARN_EMPTY_BODY = YES;
				CLANG_WARN_ENUM_CONVERSION = YES;
				CLANG_WARN_INFINITE_RECURSION = YES;
				CLANG_WARN_INT_CONVERSION = YES;
				CLANG_WARN_NON_LITERAL_NULL_CONVERSION = YES;
				CLANG_WARN_OBJC_LITERAL_CONVERSION = YES;
				CLANG_WARN_OBJC_ROOT_CLASS = YES_ERROR;
				CLANG_WARN_RANGE_LOOP_ANALYSIS = YES;
				CLANG_WARN_STRICT_PROTOTYPES = YES;
				CLANG_WARN_SUSPICIOUS_MOVE = YES;
				CLANG_WARN_UNGUARDED_AVAILABILITY = YES_AGGRESSIVE;
				CLANG_WARN_UNREACHABLE_CODE = YES;
				CLANG_WARN__DUPLICATE_METHOD_MATCH = YES;
				CODE_SIGN_IDENTITY = "iPhone Developer";
				COPY_PHASE_STRIP = NO;
				DEBUG_INFORMATION_FORMAT = "dwarf-with-dsym";
				ENABLE_NS_ASSERTIONS = NO;
				ENABLE_STRICT_OBJC_MSGSEND = YES;
				GCC_C_LANGUAGE_STANDARD = gnu11;
				GCC_NO_COMMON_BLOCKS = YES;
				GCC_WARN_64_TO_32_BIT_CONVERSION = YES;
				GCC_WARN_ABOUT_RETURN_TYPE = YES_ERROR;
				GCC_WARN_UNDECLARED_SELECTOR = YES;
				GCC_WARN_UNINITIALIZED_AUTOS = YES_AGGRESSIVE;
				GCC_WARN_UNUSED_FUNCTION = YES;
				GCC_WARN_UNUSED_VARIABLE = YES;
				IPHONEOS_DEPLOYMENT_TARGET = 11.2;
				MTL_ENABLE_DEBUG_INFO = NO;
				SDKROOT = iphoneos;
				SWIFT_OPTIMIZATION_LEVEL = "-Owholemodule";
				VALIDATE_PRODUCT = YES;
			};
			name = Release;
		};
		E782A2B620E646440054F3AD /* Debug */ = {
			isa = XCBuildConfiguration;
			buildSettings = {
				ASSETCATALOG_COMPILER_APPICON_NAME = AppIcon;
				"CODE_SIGN_IDENTITY[sdk=iphoneos*]" = "iPhone Distribution";
				CODE_SIGN_STYLE = Manual;
				DEVELOPMENT_TEAM = WY955LPLRA;
				INFOPLIST_FILE = JenkinsTest/Info.plist;
				LD_RUNPATH_SEARCH_PATHS = "$(inherited) @executable_path/Frameworks";
				PRODUCT_BUNDLE_IDENTIFIER = com.dbsystel.jenkinstest;
				PRODUCT_NAME = "$(TARGET_NAME)";
				PROVISIONING_PROFILE = "2ecba152-c424-4aa2-981b-3347f280db7f";
				PROVISIONING_PROFILE_SPECIFIER = "adhoc-jenkins-test";
				SWIFT_VERSION = 4.0;
				TARGETED_DEVICE_FAMILY = "1,2";
			};
			name = Debug;
		};
		E782A2B720E646440054F3AD /* Release */ = {
			isa = XCBuildConfiguration;
			buildSettings = {
				ASSETCATALOG_COMPILER_APPICON_NAME = AppIcon;
				"CODE_SIGN_IDENTITY[sdk=iphoneos*]" = "iPhone Distribution";
				CODE_SIGN_STYLE = Manual;
				DEVELOPMENT_TEAM = WY955LPLRA;
				INFOPLIST_FILE = JenkinsTest/Info.plist;
				LD_RUNPATH_SEARCH_PATHS = "$(inherited) @executable_path/Frameworks";
				PRODUCT_BUNDLE_IDENTIFIER = com.dbsystel.jenkinstest;
				PRODUCT_NAME = "$(TARGET_NAME)";
				PROVISIONING_PROFILE = "2ecba152-c424-4aa2-981b-3347f280db7f";
				PROVISIONING_PROFILE_SPECIFIER = "adhoc-jenkins-test";
				SWIFT_VERSION = 4.0;
				TARGETED_DEVICE_FAMILY = "1,2";
			};
			name = Release;
		};
/* End XCBuildConfiguration section */

/* Begin XCConfigurationList section */
		E782A28820E646440054F3AD /* Build configuration list for PBXProject "JenkinsTest" */ = {
			isa = XCConfigurationList;
			buildConfigurations = (
				E782A2B320E646440054F3AD /* Debug */,
				E782A2B420E646440054F3AD /* Release */,
			);
			defaultConfigurationIsVisible = 0;
			defaultConfigurationName = Release;
		};
		E782A2B520E646440054F3AD /* Build configuration list for PBXNativeTarget "JenkinsTest" */ = {
			isa = XCConfigurationList;
			buildConfigurations = (
				E782A2B620E646440054F3AD /* Debug */,
				E782A2B720E646440054F3AD /* Release */,
			);
			defaultConfigurationIsVisible = 0;
			defaultConfigurationName = Release;
		};
/* End XCConfigurationList section */
	};
	rootObject = E782A28520E646440054F3AD /* Project object */;
}
